{
  "nodes": {
    "ale-slides": {
      "inputs": {
        "flake-utils": [
          "flake-utils"
        ],
        "nixpkgs": [
          "nixpkgs"
        ],
        "revealJs": "revealJs"
      },
      "locked": {
        "lastModified": 1635197777,
        "narHash": "sha256-/LZ6JhMThTeUkeO0itP/PxDmzSEMqd7KEkk/rQvvT6k=",
        "owner": "ciderale",
        "repo": "ale-slides",
        "rev": "46b48551a60c6d5fddf5201d0ed4f771200ec553",
        "type": "github"
      },
      "original": {
        "owner": "ciderale",
        "repo": "ale-slides",
        "type": "github"
      }
    },
    "flake-utils": {
      "locked": {
        "lastModified": 1653893745,
        "narHash": "sha256-0jntwV3Z8//YwuOjzhV2sgJJPt+HY6KhU7VZUL0fKZQ=",
        "owner": "numtide",
        "repo": "flake-utils",
        "rev": "1ed9fb1935d260de5fe1c2f7ee0ebaae17ed2fa1",
        "type": "github"
      },
      "original": {
        "owner": "numtide",
        "repo": "flake-utils",
        "type": "github"
      }
    },
    "home-manager": {
      "inputs": {
        "nixpkgs": [
          "nixpkgs"
        ]
      },
      "locked": {
        "lastModified": 1654113406,
        "narHash": "sha256-70esZvhal+FsyU89mJRcAb+cDGHKt0sgZ6MlRr9Cplg=",
        "owner": "nix-community",
        "repo": "home-manager",
        "rev": "684e85d01d333be91c4875baebb05b93c7d2ffaa",
        "type": "github"
      },
      "original": {
        "owner": "nix-community",
        "ref": "master",
        "repo": "home-manager",
        "type": "github"
      }
    },
    "nixpkgs": {
      "locked": {
        "lastModified": 1654245945,
        "narHash": "sha256-PV6MZ+HuNnyLxQGa2rwt0BmCRkQS2xqhc+SeJLQM+WU=",
        "owner": "nixos",
        "repo": "nixpkgs",
        "rev": "442db9429b9fbdb6352cfb937afc8ecccfe2633f",
        "type": "github"
      },
      "original": {
        "owner": "nixos",
        "ref": "nixpkgs-unstable",
        "repo": "nixpkgs",
        "type": "github"
      }
    },
    "revealJs": {
      "flake": false,
      "locked": {
        "lastModified": 1633684122,
        "narHash": "sha256-JLtHbvUQybf3+cuKDEhemrD9R7zrBa7AfnQGHf5ra0g=",
        "owner": "hakimel",
        "repo": "reveal.js",
        "rev": "810d80bc3c9b26a9ab24607d01223172927fe645",
        "type": "github"
      },
      "original": {
        "owner": "hakimel",
        "repo": "reveal.js",
        "type": "github"
      }
    },
    "root": {
      "inputs": {
        "ale-slides": "ale-slides",
        "flake-utils": "flake-utils",
        "home-manager": "home-manager",
        "nixpkgs": "nixpkgs",
        "vim-any-jump": "vim-any-jump",
        "vim-ranger": "vim-ranger",
        "vim-zettel": "vim-zettel"
      }
    },
    "vim-any-jump": {
      "flake": false,
      "locked": {
        "lastModified": 1639345428,
        "narHash": "sha256-uI/uWctBLVgZdZPH0h9BSg6Y2ap1XnRxFz2JMIAjhMQ=",
        "owner": "pechorin",
        "repo": "any-jump.vim",
        "rev": "67b17372342826355c015427a5cdbda7c5d3e3b9",
        "type": "github"
      },
      "original": {
        "owner": "pechorin",
        "repo": "any-jump.vim",
        "type": "github"
      }
    },
    "vim-ranger": {
      "flake": false,
      "locked": {
        "lastModified": 1572447444,
        "narHash": "sha256-6ut7u6AwtyYbHLHa2jelf5PkbtlfHvuHfWRL5z1CTUQ=",
        "owner": "francoiscabrol",
        "repo": "ranger.vim",
        "rev": "91e82debdf566dfaf47df3aef0a5fd823cedf41c",
        "type": "github"
      },
      "original": {
        "owner": "francoiscabrol",
        "repo": "ranger.vim",
        "type": "github"
      }
    },
    "vim-zettel": {
      "flake": false,
      "locked": {
        "lastModified": 1654009681,
        "narHash": "sha256-MUmIXcTA/se23ZTJrmUwtysTxLaqSmPxBYI+S6TgbJ8=",
        "owner": "michal-h21",
        "repo": "vim-zettel",
        "rev": "059598a54bb170dcabd878ceb7ceb4b050282d92",
        "type": "github"
      },
      "original": {
        "owner": "michal-h21",
        "repo": "vim-zettel",
        "type": "github"
      }
    }
  },
  "root": "root",
  "version": 7
}
