{
  "nodes": {
    "ale-slides": {
      "inputs": {
        "flake-utils": "flake-utils",
        "nixpkgs": [
          "nixpkgs"
        ],
        "revealJs": "revealJs"
      },
      "locked": {
        "lastModified": 1635197777,
        "narHash": "sha256-/LZ6JhMThTeUkeO0itP/PxDmzSEMqd7KEkk/rQvvT6k=",
        "owner": "ciderale",
        "repo": "ale-slides",
        "rev": "46b48551a60c6d5fddf5201d0ed4f771200ec553",
        "type": "github"
      },
      "original": {
        "owner": "ciderale",
        "repo": "ale-slides",
        "type": "github"
      }
    },
    "flake-utils": {
      "locked": {
        "lastModified": 1631561581,
        "narHash": "sha256-3VQMV5zvxaVLvqqUrNz3iJelLw30mIVSfZmAaauM3dA=",
        "owner": "numtide",
        "repo": "flake-utils",
        "rev": "7e5bf3925f6fbdfaf50a2a7ca0be2879c4261d19",
        "type": "github"
      },
      "original": {
        "owner": "numtide",
        "repo": "flake-utils",
        "type": "github"
      }
    },
    "home-manager": {
      "inputs": {
        "nixpkgs": [
          "nixpkgs"
        ]
      },
      "locked": {
        "lastModified": 1645479152,
        "narHash": "sha256-8au2xAPSi3yGQBaVrYUpMY30lY9tMuNn7UMAHL7NJtw=",
        "owner": "nix-community",
        "repo": "home-manager",
        "rev": "69536af27e86a9fc875d71cb9566ccccf47b5b60",
        "type": "github"
      },
      "original": {
        "owner": "nix-community",
        "ref": "master",
        "repo": "home-manager",
        "type": "github"
      }
    },
    "lowdown-src": {
      "flake": false,
      "locked": {
        "lastModified": 1633514407,
        "narHash": "sha256-Dw32tiMjdK9t3ETl5fzGrutQTzh2rufgZV4A/BbxuD4=",
        "owner": "kristapsdz",
        "repo": "lowdown",
        "rev": "d2c2b44ff6c27b936ec27358a2653caaef8f73b8",
        "type": "github"
      },
      "original": {
        "owner": "kristapsdz",
        "repo": "lowdown",
        "type": "github"
      }
    },
    "nix": {
      "inputs": {
        "lowdown-src": "lowdown-src",
        "nixpkgs": "nixpkgs"
      },
      "locked": {
        "lastModified": 1639739069,
        "narHash": "sha256-GOsiqy9EaTwDn2PLZ4eFj1VkXcBUbqrqHehRE9GuGdU=",
        "owner": "NixOS",
        "repo": "nix",
        "rev": "b4f250417ab64f237c8b51439fe1f427193ab23b",
        "type": "github"
      },
      "original": {
        "owner": "NixOS",
        "ref": "2.5.1",
        "repo": "nix",
        "type": "github"
      }
    },
    "nixpkgs": {
      "locked": {
        "lastModified": 1632864508,
        "narHash": "sha256-d127FIvGR41XbVRDPVvozUPQ/uRHbHwvfyKHwEt5xFM=",
        "owner": "NixOS",
        "repo": "nixpkgs",
        "rev": "82891b5e2c2359d7e58d08849e4c89511ab94234",
        "type": "github"
      },
      "original": {
        "id": "nixpkgs",
        "ref": "nixos-21.05-small",
        "type": "indirect"
      }
    },
    "nixpkgs_2": {
      "locked": {
        "lastModified": 1645493675,
        "narHash": "sha256-9xundbZQbhFodsQRh6QMN1GeSXfo3y/5NL0CZcJULz0=",
        "owner": "nixos",
        "repo": "nixpkgs",
        "rev": "74b10859829153d5c5d50f7c77b86763759e8654",
        "type": "github"
      },
      "original": {
        "owner": "nixos",
        "ref": "nixpkgs-unstable",
        "repo": "nixpkgs",
        "type": "github"
      }
    },
    "revealJs": {
      "flake": false,
      "locked": {
        "lastModified": 1633684122,
        "narHash": "sha256-JLtHbvUQybf3+cuKDEhemrD9R7zrBa7AfnQGHf5ra0g=",
        "owner": "hakimel",
        "repo": "reveal.js",
        "rev": "810d80bc3c9b26a9ab24607d01223172927fe645",
        "type": "github"
      },
      "original": {
        "owner": "hakimel",
        "repo": "reveal.js",
        "type": "github"
      }
    },
    "root": {
      "inputs": {
        "ale-slides": "ale-slides",
        "home-manager": "home-manager",
        "nix": "nix",
        "nixpkgs": "nixpkgs_2",
        "vim-any-jump": "vim-any-jump",
        "vim-ranger": "vim-ranger",
        "vim-zettel": "vim-zettel"
      }
    },
    "vim-any-jump": {
      "flake": false,
      "locked": {
        "lastModified": 1639345428,
        "narHash": "sha256-uI/uWctBLVgZdZPH0h9BSg6Y2ap1XnRxFz2JMIAjhMQ=",
        "owner": "pechorin",
        "repo": "any-jump.vim",
        "rev": "67b17372342826355c015427a5cdbda7c5d3e3b9",
        "type": "github"
      },
      "original": {
        "owner": "pechorin",
        "repo": "any-jump.vim",
        "type": "github"
      }
    },
    "vim-ranger": {
      "flake": false,
      "locked": {
        "lastModified": 1572447444,
        "narHash": "sha256-6ut7u6AwtyYbHLHa2jelf5PkbtlfHvuHfWRL5z1CTUQ=",
        "owner": "francoiscabrol",
        "repo": "ranger.vim",
        "rev": "91e82debdf566dfaf47df3aef0a5fd823cedf41c",
        "type": "github"
      },
      "original": {
        "owner": "francoiscabrol",
        "repo": "ranger.vim",
        "type": "github"
      }
    },
    "vim-zettel": {
      "flake": false,
      "locked": {
        "lastModified": 1633963767,
        "narHash": "sha256-h8htzWLKLczAmzhoV66s4BmuNkF6oHyuX3LLy1FgBEs=",
        "owner": "michal-h21",
        "repo": "vim-zettel",
        "rev": "fc3e3e475b87badd89c3634245f9dcd407a8e74b",
        "type": "github"
      },
      "original": {
        "owner": "michal-h21",
        "repo": "vim-zettel",
        "type": "github"
      }
    }
  },
  "root": "root",
  "version": 7
}
