{
  "nodes": {
    "home-manager": {
      "inputs": {
        "nixpkgs": [
          "nixpkgs"
        ]
      },
      "locked": {
        "lastModified": 1635123562,
        "narHash": "sha256-kYuwQqHXDYxy5ijpm8SvCoPNx0br1TpoWeTIOEwOYvA=",
        "owner": "nix-community",
        "repo": "home-manager",
        "rev": "da8a78eec9f7adb57f9e961d1da64805efacff37",
        "type": "github"
      },
      "original": {
        "owner": "nix-community",
        "repo": "home-manager",
        "type": "github"
      }
    },
    "nixpkgs": {
      "locked": {
        "lastModified": 1635122851,
        "narHash": "sha256-0m8W0u/rQIx9QydApjj7K0cSIBYyP0M62julslW9brs=",
        "owner": "nixos",
        "repo": "nixpkgs",
        "rev": "33afbbd4afe427d0bcac3354382c33c0a358a06a",
        "type": "github"
      },
      "original": {
        "owner": "nixos",
        "ref": "nixpkgs-unstable",
        "repo": "nixpkgs",
        "type": "github"
      }
    },
    "root": {
      "inputs": {
        "home-manager": "home-manager",
        "nixpkgs": "nixpkgs"
      }
    }
  },
  "root": "root",
  "version": 7
}
